// !$*UTF8*$!
{
	archiveVersion = 1;
	classes = {
	};
	objectVersion = 46;
	objects = {

/* Begin PBXBuildFile section */
		180BECF31B3A7E54004A75A9 /* SSRadioButton.swift in Sources */ = {isa = PBXBuildFile; fileRef = 180BECF11B3A7E54004A75A9 /* SSRadioButton.swift */; };
		180BECF41B3A7E54004A75A9 /* SSRadioButtonsController.swift in Sources */ = {isa = PBXBuildFile; fileRef = 180BECF21B3A7E54004A75A9 /* SSRadioButtonsController.swift */; };
		18165B4F1B2EC5180042C4A6 /* AppDelegate.swift in Sources */ = {isa = PBXBuildFile; fileRef = 18165B4E1B2EC5180042C4A6 /* AppDelegate.swift */; };
		18165B511B2EC5180042C4A6 /* ViewController.swift in Sources */ = {isa = PBXBuildFile; fileRef = 18165B501B2EC5180042C4A6 /* ViewController.swift */; };
		18165B541B2EC5180042C4A6 /* Main.storyboard in Resources */ = {isa = PBXBuildFile; fileRef = 18165B521B2EC5180042C4A6 /* Main.storyboard */; };
		18165B561B2EC5180042C4A6 /* Images.xcassets in Resources */ = {isa = PBXBuildFile; fileRef = 18165B551B2EC5180042C4A6 /* Images.xcassets */; };
		18165B591B2EC5180042C4A6 /* LaunchScreen.xib in Resources */ = {isa = PBXBuildFile; fileRef = 18165B571B2EC5180042C4A6 /* LaunchScreen.xib */; };
		18165B651B2EC5180042C4A6 /* BloodDonorsTests.swift in Sources */ = {isa = PBXBuildFile; fileRef = 18165B641B2EC5180042C4A6 /* BloodDonorsTests.swift */; };
		187D46991B3BCE7900F3EBC8 /* HMSegmentedControl.m in Sources */ = {isa = PBXBuildFile; fileRef = 187D46981B3BCE7900F3EBC8 /* HMSegmentedControl.m */; };
		188DFFD31B3005FB0019861D /* CommonViewController.swift in Sources */ = {isa = PBXBuildFile; fileRef = 188DFFD21B3005FB0019861D /* CommonViewController.swift */; };
/* End PBXBuildFile section */

/* Begin PBXContainerItemProxy section */
		18165B5F1B2EC5180042C4A6 /* PBXContainerItemProxy */ = {
			isa = PBXContainerItemProxy;
			containerPortal = 18165B411B2EC5180042C4A6 /* Project object */;
			proxyType = 1;
			remoteGlobalIDString = 18165B481B2EC5180042C4A6;
			remoteInfo = BloodDonors;
		};
/* End PBXContainerItemProxy section */

/* Begin PBXFileReference section */
		180BECF11B3A7E54004A75A9 /* SSRadioButton.swift */ = {isa = PBXFileReference; fileEncoding = 4; lastKnownFileType = sourcecode.swift; path = SSRadioButton.swift; sourceTree = "<group>"; };
		180BECF21B3A7E54004A75A9 /* SSRadioButtonsController.swift */ = {isa = PBXFileReference; fileEncoding = 4; lastKnownFileType = sourcecode.swift; path = SSRadioButtonsController.swift; sourceTree = "<group>"; };
		18165B491B2EC5180042C4A6 /* BloodDonors.app */ = {isa = PBXFileReference; explicitFileType = wrapper.application; includeInIndex = 0; path = BloodDonors.app; sourceTree = BUILT_PRODUCTS_DIR; };
		18165B4D1B2EC5180042C4A6 /* Info.plist */ = {isa = PBXFileReference; lastKnownFileType = text.plist.xml; path = Info.plist; sourceTree = "<group>"; };
		18165B4E1B2EC5180042C4A6 /* AppDelegate.swift */ = {isa = PBXFileReference; lastKnownFileType = sourcecode.swift; path = AppDelegate.swift; sourceTree = "<group>"; };
		18165B501B2EC5180042C4A6 /* ViewController.swift */ = {isa = PBXFileReference; lastKnownFileType = sourcecode.swift; path = ViewController.swift; sourceTree = "<group>"; };
		18165B531B2EC5180042C4A6 /* Base */ = {isa = PBXFileReference; lastKnownFileType = file.storyboard; name = Base; path = Base.lproj/Main.storyboard; sourceTree = "<group>"; };
		18165B551B2EC5180042C4A6 /* Images.xcassets */ = {isa = PBXFileReference; lastKnownFileType = folder.assetcatalog; path = Images.xcassets; sourceTree = "<group>"; };
		18165B581B2EC5180042C4A6 /* Base */ = {isa = PBXFileReference; lastKnownFileType = file.xib; name = Base; path = Base.lproj/LaunchScreen.xib; sourceTree = "<group>"; };
		18165B5E1B2EC5180042C4A6 /* BloodDonorsTests.xctest */ = {isa = PBXFileReference; explicitFileType = wrapper.cfbundle; includeInIndex = 0; path = BloodDonorsTests.xctest; sourceTree = BUILT_PRODUCTS_DIR; };
		18165B631B2EC5180042C4A6 /* Info.plist */ = {isa = PBXFileReference; lastKnownFileType = text.plist.xml; path = Info.plist; sourceTree = "<group>"; };
		18165B641B2EC5180042C4A6 /* BloodDonorsTests.swift */ = {isa = PBXFileReference; lastKnownFileType = sourcecode.swift; path = BloodDonorsTests.swift; sourceTree = "<group>"; };
		187D46961B3BCE7900F3EBC8 /* BloodDonors-Bridging-Header.h */ = {isa = PBXFileReference; lastKnownFileType = sourcecode.c.h; path = "BloodDonors-Bridging-Header.h"; sourceTree = "<group>"; };
		187D46971B3BCE7900F3EBC8 /* HMSegmentedControl.h */ = {isa = PBXFileReference; fileEncoding = 4; lastKnownFileType = sourcecode.c.h; path = HMSegmentedControl.h; sourceTree = "<group>"; };
		187D46981B3BCE7900F3EBC8 /* HMSegmentedControl.m */ = {isa = PBXFileReference; fileEncoding = 4; lastKnownFileType = sourcecode.c.objc; path = HMSegmentedControl.m; sourceTree = "<group>"; };
		188DFFD21B3005FB0019861D /* CommonViewController.swift */ = {isa = PBXFileReference; fileEncoding = 4; lastKnownFileType = sourcecode.swift; path = CommonViewController.swift; sourceTree = "<group>"; };
/* End PBXFileReference section */

/* Begin PBXFrameworksBuildPhase section */
		18165B461B2EC5180042C4A6 /* Frameworks */ = {
			isa = PBXFrameworksBuildPhase;
			buildActionMask = 2147483647;
			files = (
			);
			runOnlyForDeploymentPostprocessing = 0;
		};
		18165B5B1B2EC5180042C4A6 /* Frameworks */ = {
			isa = PBXFrameworksBuildPhase;
			buildActionMask = 2147483647;
			files = (
			);
			runOnlyForDeploymentPostprocessing = 0;
		};
/* End PBXFrameworksBuildPhase section */

/* Begin PBXGroup section */
		180BECF01B3A7E54004A75A9 /* SSRadioButton */ = {
			isa = PBXGroup;
			children = (
				180BECF11B3A7E54004A75A9 /* SSRadioButton.swift */,
				180BECF21B3A7E54004A75A9 /* SSRadioButtonsController.swift */,
			);
			path = SSRadioButton;
			sourceTree = "<group>";
		};
		18165B401B2EC5180042C4A6 = {
			isa = PBXGroup;
			children = (
				18165B4B1B2EC5180042C4A6 /* BloodDonors */,
				18165B611B2EC5180042C4A6 /* BloodDonorsTests */,
				18165B4A1B2EC5180042C4A6 /* Products */,
			);
			sourceTree = "<group>";
		};
		18165B4A1B2EC5180042C4A6 /* Products */ = {
			isa = PBXGroup;
			children = (
				18165B491B2EC5180042C4A6 /* BloodDonors.app */,
				18165B5E1B2EC5180042C4A6 /* BloodDonorsTests.xctest */,
			);
			name = Products;
			sourceTree = "<group>";
		};
		18165B4B1B2EC5180042C4A6 /* BloodDonors */ = {
			isa = PBXGroup;
			children = (
				187D46951B3BCE2600F3EBC8 /* HMSegmentedControl */,
				180BECF01B3A7E54004A75A9 /* SSRadioButton */,
				18165B4E1B2EC5180042C4A6 /* AppDelegate.swift */,
				18165B501B2EC5180042C4A6 /* ViewController.swift */,
				188DFFD21B3005FB0019861D /* CommonViewController.swift */,
				18165B521B2EC5180042C4A6 /* Main.storyboard */,
				18165B551B2EC5180042C4A6 /* Images.xcassets */,
				18165B571B2EC5180042C4A6 /* LaunchScreen.xib */,
				18165B4C1B2EC5180042C4A6 /* Supporting Files */,
			);
			path = BloodDonors;
			sourceTree = "<group>";
		};
		18165B4C1B2EC5180042C4A6 /* Supporting Files */ = {
			isa = PBXGroup;
			children = (
				18165B4D1B2EC5180042C4A6 /* Info.plist */,
			);
			name = "Supporting Files";
			sourceTree = "<group>";
		};
		18165B611B2EC5180042C4A6 /* BloodDonorsTests */ = {
			isa = PBXGroup;
			children = (
				18165B641B2EC5180042C4A6 /* BloodDonorsTests.swift */,
				18165B621B2EC5180042C4A6 /* Supporting Files */,
			);
			path = BloodDonorsTests;
			sourceTree = "<group>";
		};
		18165B621B2EC5180042C4A6 /* Supporting Files */ = {
			isa = PBXGroup;
			children = (
				18165B631B2EC5180042C4A6 /* Info.plist */,
			);
			name = "Supporting Files";
			sourceTree = "<group>";
		};
		187D46951B3BCE2600F3EBC8 /* HMSegmentedControl */ = {
			isa = PBXGroup;
			children = (
				187D46971B3BCE7900F3EBC8 /* HMSegmentedControl.h */,
				187D46981B3BCE7900F3EBC8 /* HMSegmentedControl.m */,
				187D46961B3BCE7900F3EBC8 /* BloodDonors-Bridging-Header.h */,
			);
			path = HMSegmentedControl;
			sourceTree = "<group>";
		};
/* End PBXGroup section */

/* Begin PBXNativeTarget section */
		18165B481B2EC5180042C4A6 /* BloodDonors */ = {
			isa = PBXNativeTarget;
			buildConfigurationList = 18165B681B2EC5180042C4A6 /* Build configuration list for PBXNativeTarget "BloodDonors" */;
			buildPhases = (
				18165B451B2EC5180042C4A6 /* Sources */,
				18165B461B2EC5180042C4A6 /* Frameworks */,
				18165B471B2EC5180042C4A6 /* Resources */,
			);
			buildRules = (
			);
			dependencies = (
			);
			name = BloodDonors;
			productName = BloodDonors;
			productReference = 18165B491B2EC5180042C4A6 /* BloodDonors.app */;
			productType = "com.apple.product-type.application";
		};
		18165B5D1B2EC5180042C4A6 /* BloodDonorsTests */ = {
			isa = PBXNativeTarget;
			buildConfigurationList = 18165B6B1B2EC5180042C4A6 /* Build configuration list for PBXNativeTarget "BloodDonorsTests" */;
			buildPhases = (
				18165B5A1B2EC5180042C4A6 /* Sources */,
				18165B5B1B2EC5180042C4A6 /* Frameworks */,
				18165B5C1B2EC5180042C4A6 /* Resources */,
			);
			buildRules = (
			);
			dependencies = (
				18165B601B2EC5180042C4A6 /* PBXTargetDependency */,
			);
			name = BloodDonorsTests;
			productName = BloodDonorsTests;
			productReference = 18165B5E1B2EC5180042C4A6 /* BloodDonorsTests.xctest */;
			productType = "com.apple.product-type.bundle.unit-test";
		};
/* End PBXNativeTarget section */

/* Begin PBXProject section */
		18165B411B2EC5180042C4A6 /* Project object */ = {
			isa = PBXProject;
			attributes = {
				LastUpgradeCheck = 0630;
				ORGANIZATIONNAME = "Indian National Developers";
				TargetAttributes = {
					18165B481B2EC5180042C4A6 = {
						CreatedOnToolsVersion = 6.3.2;
					};
					18165B5D1B2EC5180042C4A6 = {
						CreatedOnToolsVersion = 6.3.2;
						TestTargetID = 18165B481B2EC5180042C4A6;
					};
				};
			};
			buildConfigurationList = 18165B441B2EC5180042C4A6 /* Build configuration list for PBXProject "BloodDonors" */;
			compatibilityVersion = "Xcode 3.2";
			developmentRegion = English;
			hasScannedForEncodings = 0;
			knownRegions = (
				en,
				Base,
			);
			mainGroup = 18165B401B2EC5180042C4A6;
			productRefGroup = 18165B4A1B2EC5180042C4A6 /* Products */;
			projectDirPath = "";
			projectRoot = "";
			targets = (
				18165B481B2EC5180042C4A6 /* BloodDonors */,
				18165B5D1B2EC5180042C4A6 /* BloodDonorsTests */,
			);
		};
/* End PBXProject section */

/* Begin PBXResourcesBuildPhase section */
		18165B471B2EC5180042C4A6 /* Resources */ = {
			isa = PBXResourcesBuildPhase;
			buildActionMask = 2147483647;
			files = (
				18165B541B2EC5180042C4A6 /* Main.storyboard in Resources */,
				18165B591B2EC5180042C4A6 /* LaunchScreen.xib in Resources */,
				18165B561B2EC5180042C4A6 /* Images.xcassets in Resources */,
			);
			runOnlyForDeploymentPostprocessing = 0;
		};
		18165B5C1B2EC5180042C4A6 /* Resources */ = {
			isa = PBXResourcesBuildPhase;
			buildActionMask = 2147483647;
			files = (
			);
			runOnlyForDeploymentPostprocessing = 0;
		};
/* End PBXResourcesBuildPhase section */

/* Begin PBXSourcesBuildPhase section */
		18165B451B2EC5180042C4A6 /* Sources */ = {
			isa = PBXSourcesBuildPhase;
			buildActionMask = 2147483647;
			files = (
				188DFFD31B3005FB0019861D /* CommonViewController.swift in Sources */,
				180BECF41B3A7E54004A75A9 /* SSRadioButtonsController.swift in Sources */,
				18165B511B2EC5180042C4A6 /* ViewController.swift in Sources */,
				187D46991B3BCE7900F3EBC8 /* HMSegmentedControl.m in Sources */,
				18165B4F1B2EC5180042C4A6 /* AppDelegate.swift in Sources */,
				180BECF31B3A7E54004A75A9 /* SSRadioButton.swift in Sources */,
			);
			runOnlyForDeploymentPostprocessing = 0;
		};
		18165B5A1B2EC5180042C4A6 /* Sources */ = {
			isa = PBXSourcesBuildPhase;
			buildActionMask = 2147483647;
			files = (
				18165B651B2EC5180042C4A6 /* BloodDonorsTests.swift in Sources */,
			);
			runOnlyForDeploymentPostprocessing = 0;
		};
/* End PBXSourcesBuildPhase section */

/* Begin PBXTargetDependency section */
		18165B601B2EC5180042C4A6 /* PBXTargetDependency */ = {
			isa = PBXTargetDependency;
			target = 18165B481B2EC5180042C4A6 /* BloodDonors */;
			targetProxy = 18165B5F1B2EC5180042C4A6 /* PBXContainerItemProxy */;
		};
/* End PBXTargetDependency section */

/* Begin PBXVariantGroup section */
		18165B521B2EC5180042C4A6 /* Main.storyboard */ = {
			isa = PBXVariantGroup;
			children = (
				18165B531B2EC5180042C4A6 /* Base */,
			);
			name = Main.storyboard;
			sourceTree = "<group>";
		};
		18165B571B2EC5180042C4A6 /* LaunchScreen.xib */ = {
			isa = PBXVariantGroup;
			children = (
				18165B581B2EC5180042C4A6 /* Base */,
			);
			name = LaunchScreen.xib;
			sourceTree = "<group>";
		};
/* End PBXVariantGroup section */

/* Begin XCBuildConfiguration section */
		18165B661B2EC5180042C4A6 /* Debug */ = {
			isa = XCBuildConfiguration;
			buildSettings = {
				ALWAYS_SEARCH_USER_PATHS = NO;
				CLANG_CXX_LANGUAGE_STANDARD = "gnu++0x";
				CLANG_CXX_LIBRARY = "libc++";
				CLANG_ENABLE_MODULES = YES;
				CLANG_ENABLE_OBJC_ARC = YES;
				CLANG_WARN_BOOL_CONVERSION = YES;
				CLANG_WARN_CONSTANT_CONVERSION = YES;
				CLANG_WARN_DIRECT_OBJC_ISA_USAGE = YES_ERROR;
				CLANG_WARN_EMPTY_BODY = YES;
				CLANG_WARN_ENUM_CONVERSION = YES;
				CLANG_WARN_INT_CONVERSION = YES;
				CLANG_WARN_OBJC_ROOT_CLASS = YES_ERROR;
				CLANG_WARN_UNREACHABLE_CODE = YES;
				CLANG_WARN__DUPLICATE_METHOD_MATCH = YES;
				"CODE_SIGN_IDENTITY[sdk=iphoneos*]" = "iPhone Developer";
				COPY_PHASE_STRIP = NO;
				DEBUG_INFORMATION_FORMAT = "dwarf-with-dsym";
				ENABLE_STRICT_OBJC_MSGSEND = YES;
				GCC_C_LANGUAGE_STANDARD = gnu99;
				GCC_DYNAMIC_NO_PIC = NO;
				GCC_NO_COMMON_BLOCKS = YES;
				GCC_OPTIMIZATION_LEVEL = 0;
				GCC_PREPROCESSOR_DEFINITIONS = (
					"DEBUG=1",
					"$(inherited)",
				);
				GCC_SYMBOLS_PRIVATE_EXTERN = NO;
				GCC_WARN_64_TO_32_BIT_CONVERSION = YES;
				GCC_WARN_ABOUT_RETURN_TYPE = YES_ERROR;
				GCC_WARN_UNDECLARED_SELECTOR = YES;
				GCC_WARN_UNINITIALIZED_AUTOS = YES_AGGRESSIVE;
				GCC_WARN_UNUSED_FUNCTION = YES;
				GCC_WARN_UNUSED_VARIABLE = YES;
				IPHONEOS_DEPLOYMENT_TARGET = 8.3;
				MTL_ENABLE_DEBUG_INFO = YES;
				ONLY_ACTIVE_ARCH = YES;
				SDKROOT = iphoneos;
				SWIFT_OPTIMIZATION_LEVEL = "-Onone";
			};
			name = Debug;
		};
		18165B671B2EC5180042C4A6 /* Release */ = {
			isa = XCBuildConfiguration;
			buildSettings = {
				ALWAYS_SEARCH_USER_PATHS = NO;
				CLANG_CXX_LANGUAGE_STANDARD = "gnu++0x";
				CLANG_CXX_LIBRARY = "libc++";
				CLANG_ENABLE_MODULES = YES;
				CLANG_ENABLE_OBJC_ARC = YES;
				CLANG_WARN_BOOL_CONVERSION = YES;
				CLANG_WARN_CONSTANT_CONVERSION = YES;
				CLANG_WARN_DIRECT_OBJC_ISA_USAGE = YES_ERROR;
				CLANG_WARN_EMPTY_BODY = YES;
				CLANG_WARN_ENUM_CONVERSION = YES;
				CLANG_WARN_INT_CONVERSION = YES;
				CLANG_WARN_OBJC_ROOT_CLASS = YES_ERROR;
				CLANG_WARN_UNREACHABLE_CODE = YES;
				CLANG_WARN__DUPLICATE_METHOD_MATCH = YES;
				"CODE_SIGN_IDENTITY[sdk=iphoneos*]" = "iPhone Developer";
				COPY_PHASE_STRIP = NO;
				DEBUG_INFORMATION_FORMAT = "dwarf-with-dsym";
				ENABLE_NS_ASSERTIONS = NO;
				ENABLE_STRICT_OBJC_MSGSEND = YES;
				GCC_C_LANGUAGE_STANDARD = gnu99;
				GCC_NO_COMMON_BLOCKS = YES;
				GCC_WARN_64_TO_32_BIT_CONVERSION = YES;
				GCC_WARN_ABOUT_RETURN_TYPE = YES_ERROR;
				GCC_WARN_UNDECLARED_SELECTOR = YES;
				GCC_WARN_UNINITIALIZED_AUTOS = YES_AGGRESSIVE;
				GCC_WARN_UNUSED_FUNCTION = YES;
				GCC_WARN_UNUSED_VARIABLE = YES;
				IPHONEOS_DEPLOYMENT_TARGET = 8.3;
				MTL_ENABLE_DEBUG_INFO = NO;
				SDKROOT = iphoneos;
				VALIDATE_PRODUCT = YES;
			};
			name = Release;
		};
		18165B691B2EC5180042C4A6 /* Debug */ = {
			isa = XCBuildConfiguration;
			buildSettings = {
				ASSETCATALOG_COMPILER_APPICON_NAME = AppIcon;
				ASSETCATALOG_COMPILER_LAUNCHIMAGE_NAME = LaunchImage;
				CLANG_ENABLE_MODULES = YES;
				INFOPLIST_FILE = BloodDonors/Info.plist;
				IPHONEOS_DEPLOYMENT_TARGET = 7.0;
				LD_RUNPATH_SEARCH_PATHS = "$(inherited) @executable_path/Frameworks";
				PRODUCT_NAME = "$(TARGET_NAME)";
				SWIFT_OBJC_BRIDGING_HEADER = "$(SRCROOT)/BloodDonors/HMSegmentedControl/BloodDonors-Bridging-Header.h";
				SWIFT_OPTIMIZATION_LEVEL = "-Onone";
			};
			name = Debug;
		};
		18165B6A1B2EC5180042C4A6 /* Release */ = {
			isa = XCBuildConfiguration;
			buildSettings = {
				ASSETCATALOG_COMPILER_APPICON_NAME = AppIcon;
				ASSETCATALOG_COMPILER_LAUNCHIMAGE_NAME = LaunchImage;
				CLANG_ENABLE_MODULES = YES;
				INFOPLIST_FILE = BloodDonors/Info.plist;
				IPHONEOS_DEPLOYMENT_TARGET = 7.0;
				LD_RUNPATH_SEARCH_PATHS = "$(inherited) @executable_path/Frameworks";
				PRODUCT_NAME = "$(TARGET_NAME)";
				SWIFT_OBJC_BRIDGING_HEADER = "$(SRCROOT)/BloodDonors/HMSegmentedControl/BloodDonors-Bridging-Header.h";
			};
			name = Release;
		};
		18165B6C1B2EC5180042C4A6 /* Debug */ = {
			isa = XCBuildConfiguration;
			buildSettings = {
				BUNDLE_LOADER = "$(TEST_HOST)";
				FRAMEWORK_SEARCH_PATHS = (
					"$(SDKROOT)/Developer/Library/Frameworks",
					"$(inherited)",
				);
				GCC_PREPROCESSOR_DEFINITIONS = (
					"DEBUG=1",
					"$(inherited)",
				);
				INFOPLIST_FILE = BloodDonorsTests/Info.plist;
				LD_RUNPATH_SEARCH_PATHS = "$(inherited) @executable_path/Frameworks @loader_path/Frameworks";
				PRODUCT_NAME = "$(TARGET_NAME)";
				TEST_HOST = "$(BUILT_PRODUCTS_DIR)/BloodDonors.app/BloodDonors";
			};
			name = Debug;
		};
		18165B6D1B2EC5180042C4A6 /* Release */ = {
			isa = XCBuildConfiguration;
			buildSettings = {
				BUNDLE_LOADER = "$(TEST_HOST)";
				FRAMEWORK_SEARCH_PATHS = (
					"$(SDKROOT)/Developer/Library/Frameworks",
					"$(inherited)",
				);
				INFOPLIST_FILE = BloodDonorsTests/Info.plist;
				LD_RUNPATH_SEARCH_PATHS = "$(inherited) @executable_path/Frameworks @loader_path/Frameworks";
				PRODUCT_NAME = "$(TARGET_NAME)";
				TEST_HOST = "$(BUILT_PRODUCTS_DIR)/BloodDonors.app/BloodDonors";
			};
			name = Release;
		};
/* End XCBuildConfiguration section */

/* Begin XCConfigurationList section */
		18165B441B2EC5180042C4A6 /* Build configuration list for PBXProject "BloodDonors" */ = {
			isa = XCConfigurationList;
			buildConfigurations = (
				18165B661B2EC5180042C4A6 /* Debug */,
				18165B671B2EC5180042C4A6 /* Release */,
			);
			defaultConfigurationIsVisible = 0;
			defaultConfigurationName = Release;
		};
		18165B681B2EC5180042C4A6 /* Build configuration list for PBXNativeTarget "BloodDonors" */ = {
			isa = XCConfigurationList;
			buildConfigurations = (
				18165B691B2EC5180042C4A6 /* Debug */,
				18165B6A1B2EC5180042C4A6 /* Release */,
			);
			defaultConfigurationIsVisible = 0;
			defaultConfigurationName = Release;
		};
		18165B6B1B2EC5180042C4A6 /* Build configuration list for PBXNativeTarget "BloodDonorsTests" */ = {
			isa = XCConfigurationList;
			buildConfigurations = (
				18165B6C1B2EC5180042C4A6 /* Debug */,
				18165B6D1B2EC5180042C4A6 /* Release */,
			);
			defaultConfigurationIsVisible = 0;
			defaultConfigurationName = Release;
		};
/* End XCConfigurationList section */
	};
	rootObject = 18165B411B2EC5180042C4A6 /* Project object */;
}
